
Microsoft Visual Studio Solution File, Format Version 12.00
# Visual Studio Version 17
VisualStudioVersion = 17.0.31903.59
MinimumVisualStudioVersion = 10.0.40219.1
Project("{2150E333-8FDC-42A3-9474-1A3956D46DE8}") = "src", "src", "{F04769C2-895E-4309-9270-67FB77344485}"
EndProject
Project("{9A19103F-16F7-4668-BE54-9A1E7A4F7556}") = "Giserver", "src\Giserver\Giserver.csproj", "{B659DE55-CA5B-4368-AD52-F12E1BE961EE}"
EndProject
Global
	GlobalSection(SolutionConfigurationPlatforms) = preSolution
		Debug|Any CPU = Debug|Any CPU
		Release|Any CPU = Release|Any CPU
	EndGlobalSection
	GlobalSection(ProjectConfigurationPlatforms) = postSolution
		{B659DE55-CA5B-4368-AD52-F12E1BE961EE}.Debug|Any CPU.ActiveCfg = Debug|Any CPU
		{B659DE55-CA5B-4368-AD52-F12E1BE961EE}.Debug|Any CPU.Build.0 = Debug|Any CPU
		{B659DE55-CA5B-4368-AD52-F12E1BE961EE}.Release|Any CPU.ActiveCfg = Release|Any CPU
		{B659DE55-CA5B-4368-AD52-F12E1BE961EE}.Release|Any CPU.Build.0 = Release|Any CPU
	EndGlobalSection
	GlobalSection(SolutionProperties) = preSolution
		HideSolutionNode = FALSE
	EndGlobalSection
	GlobalSection(NestedProjects) = preSolution
		{B659DE55-CA5B-4368-AD52-F12E1BE961EE} = {F04769C2-895E-4309-9270-67FB77344485}
	EndGlobalSection
	GlobalSection(ExtensibilityGlobals) = postSolution
		SolutionGuid = {94A69650-B955-4800-AEC2-EEBCBF777715}
	EndGlobalSection
EndGlobal
